
Microsoft Visual Studio Solution File, Format Version 12.00
# Visual Studio Version 17
VisualStudioVersion = 17.0.32014.148
MinimumVisualStudioVersion = 10.0.40219.1
Project("{FAE04EC0-301F-11D3-BF4B-00C04F79EFBC}") = "Clocker", "Clocker\Clocker.csproj", "{6066646C-A50D-48EE-BEA2-FF88F8AA8659}"
EndProject
Global
	GlobalSection(SolutionConfigurationPlatforms) = preSolution
		Debug|Any CPU = Debug|Any CPU
		Release|Any CPU = Release|Any CPU
	EndGlobalSection
	GlobalSection(ProjectConfigurationPlatforms) = postSolution
		{6066646C-A50D-48EE-BEA2-FF88F8AA8659}.Debug|Any CPU.ActiveCfg = Debug|Any CPU
		{6066646C-A50D-48EE-BEA2-FF88F8AA8659}.Debug|Any CPU.Build.0 = Debug|Any CPU
		{6066646C-A50D-48EE-BEA2-FF88F8AA8659}.Release|Any CPU.ActiveCfg = Release|Any CPU
		{6066646C-A50D-48EE-BEA2-FF88F8AA8659}.Release|Any CPU.Build.0 = Release|Any CPU
	EndGlobalSection
	GlobalSection(SolutionProperties) = preSolution
		HideSolutionNode = FALSE
	EndGlobalSection
	GlobalSection(ExtensibilityGlobals) = postSolution
		SolutionGuid = {ED8D42DB-4CC3-44B6-9A82-7C27CF19A5D2}
	EndGlobalSection
EndGlobal
