
Microsoft Visual Studio Solution File, Format Version 12.00
# Visual Studio Version 17
VisualStudioVersion = 17.0.32014.148
MinimumVisualStudioVersion = 10.0.40219.1
Project("{FAE04EC0-301F-11D3-BF4B-00C04F79EFBC}") = "CarbonArt.Website", "CarbonArt.Website\CarbonArt.Website.csproj", "{4058BE4B-537F-439B-9176-F03A6FF5C062}"
EndProject
Global
	GlobalSection(SolutionConfigurationPlatforms) = preSolution
		Debug|Any CPU = Debug|Any CPU
		Release|Any CPU = Release|Any CPU
	EndGlobalSection
	GlobalSection(ProjectConfigurationPlatforms) = postSolution
		{4058BE4B-537F-439B-9176-F03A6FF5C062}.Debug|Any CPU.ActiveCfg = Debug|Any CPU
		{4058BE4B-537F-439B-9176-F03A6FF5C062}.Debug|Any CPU.Build.0 = Debug|Any CPU
		{4058BE4B-537F-439B-9176-F03A6FF5C062}.Release|Any CPU.ActiveCfg = Release|Any CPU
		{4058BE4B-537F-439B-9176-F03A6FF5C062}.Release|Any CPU.Build.0 = Release|Any CPU
	EndGlobalSection
	GlobalSection(SolutionProperties) = preSolution
		HideSolutionNode = FALSE
	EndGlobalSection
	GlobalSection(ExtensibilityGlobals) = postSolution
		SolutionGuid = {B9FE1484-5F7D-431F-AA52-517B7DB54111}
	EndGlobalSection
EndGlobal
