
Microsoft Visual Studio Solution File, Format Version 12.00
# Visual Studio Version 17
VisualStudioVersion = 17.0.32014.148
MinimumVisualStudioVersion = 10.0.40219.1
Project("{FAE04EC0-301F-11D3-BF4B-00C04F79EFBC}") = "linqtest", "linqtest\linqtest.csproj", "{9E7EB2FB-D281-49A3-8F0C-81409F98F498}"
EndProject
Global
	GlobalSection(SolutionConfigurationPlatforms) = preSolution
		Debug|Any CPU = Debug|Any CPU
		Release|Any CPU = Release|Any CPU
	EndGlobalSection
	GlobalSection(ProjectConfigurationPlatforms) = postSolution
		{9E7EB2FB-D281-49A3-8F0C-81409F98F498}.Debug|Any CPU.ActiveCfg = Debug|Any CPU
		{9E7EB2FB-D281-49A3-8F0C-81409F98F498}.Debug|Any CPU.Build.0 = Debug|Any CPU
		{9E7EB2FB-D281-49A3-8F0C-81409F98F498}.Release|Any CPU.ActiveCfg = Release|Any CPU
		{9E7EB2FB-D281-49A3-8F0C-81409F98F498}.Release|Any CPU.Build.0 = Release|Any CPU
	EndGlobalSection
	GlobalSection(SolutionProperties) = preSolution
		HideSolutionNode = FALSE
	EndGlobalSection
	GlobalSection(ExtensibilityGlobals) = postSolution
		SolutionGuid = {70BE27A8-257E-4D61-AB56-F398D3EEE563}
	EndGlobalSection
EndGlobal
