
Microsoft Visual Studio Solution File, Format Version 12.00
# Visual Studio Version 17
VisualStudioVersion = 17.0.32014.148
MinimumVisualStudioVersion = 10.0.40219.1
Project("{FAE04EC0-301F-11D3-BF4B-00C04F79EFBC}") = "ThunderBot", "ThunderBot\ThunderBot.csproj", "{BBF80E99-5004-4721-9B85-3B876B3A497B}"
EndProject
Global
	GlobalSection(SolutionConfigurationPlatforms) = preSolution
		Debug|Any CPU = Debug|Any CPU
		Release|Any CPU = Release|Any CPU
	EndGlobalSection
	GlobalSection(ProjectConfigurationPlatforms) = postSolution
		{BBF80E99-5004-4721-9B85-3B876B3A497B}.Debug|Any CPU.ActiveCfg = Debug|Any CPU
		{BBF80E99-5004-4721-9B85-3B876B3A497B}.Debug|Any CPU.Build.0 = Debug|Any CPU
		{BBF80E99-5004-4721-9B85-3B876B3A497B}.Release|Any CPU.ActiveCfg = Release|Any CPU
		{BBF80E99-5004-4721-9B85-3B876B3A497B}.Release|Any CPU.Build.0 = Release|Any CPU
	EndGlobalSection
	GlobalSection(SolutionProperties) = preSolution
		HideSolutionNode = FALSE
	EndGlobalSection
	GlobalSection(ExtensibilityGlobals) = postSolution
		SolutionGuid = {BA758A55-0BFF-4BD9-9846-96DB15E391DE}
	EndGlobalSection
EndGlobal
