
Microsoft Visual Studio Solution File, Format Version 12.00
# Visual Studio Version 17
VisualStudioVersion = 17.0.31919.166
MinimumVisualStudioVersion = 10.0.40219.1
Project("{FAE04EC0-301F-11D3-BF4B-00C04F79EFBC}") = "JokeWebApp", "JokeWebApp.csproj", "{D0A5F1B9-6607-40E1-A462-F02F5A595730}"
EndProject
Global
	GlobalSection(SolutionConfigurationPlatforms) = preSolution
		Debug|Any CPU = Debug|Any CPU
		Release|Any CPU = Release|Any CPU
	EndGlobalSection
	GlobalSection(ProjectConfigurationPlatforms) = postSolution
		{D0A5F1B9-6607-40E1-A462-F02F5A595730}.Debug|Any CPU.ActiveCfg = Debug|Any CPU
		{D0A5F1B9-6607-40E1-A462-F02F5A595730}.Debug|Any CPU.Build.0 = Debug|Any CPU
		{D0A5F1B9-6607-40E1-A462-F02F5A595730}.Release|Any CPU.ActiveCfg = Release|Any CPU
		{D0A5F1B9-6607-40E1-A462-F02F5A595730}.Release|Any CPU.Build.0 = Release|Any CPU
	EndGlobalSection
	GlobalSection(SolutionProperties) = preSolution
		HideSolutionNode = FALSE
	EndGlobalSection
	GlobalSection(ExtensibilityGlobals) = postSolution
		SolutionGuid = {47FFD606-13C6-4FF6-8F3A-312FC35C10EA}
	EndGlobalSection
EndGlobal
