
Microsoft Visual Studio Solution File, Format Version 12.00
# Visual Studio Version 17
VisualStudioVersion = 17.0.32014.148
MinimumVisualStudioVersion = 10.0.40219.1
Project("{FAE04EC0-301F-11D3-BF4B-00C04F79EFBC}") = "Prairie", "Prairie\Prairie.csproj", "{9F4A7DB2-5021-415B-A8EE-ECC03D43E26C}"
EndProject
Global
	GlobalSection(SolutionConfigurationPlatforms) = preSolution
		Debug|Any CPU = Debug|Any CPU
		Release|Any CPU = Release|Any CPU
	EndGlobalSection
	GlobalSection(ProjectConfigurationPlatforms) = postSolution
		{9F4A7DB2-5021-415B-A8EE-ECC03D43E26C}.Debug|Any CPU.ActiveCfg = Debug|Any CPU
		{9F4A7DB2-5021-415B-A8EE-ECC03D43E26C}.Debug|Any CPU.Build.0 = Debug|Any CPU
		{9F4A7DB2-5021-415B-A8EE-ECC03D43E26C}.Release|Any CPU.ActiveCfg = Release|Any CPU
		{9F4A7DB2-5021-415B-A8EE-ECC03D43E26C}.Release|Any CPU.Build.0 = Release|Any CPU
	EndGlobalSection
	GlobalSection(SolutionProperties) = preSolution
		HideSolutionNode = FALSE
	EndGlobalSection
	GlobalSection(ExtensibilityGlobals) = postSolution
		SolutionGuid = {EF169549-E257-463C-B08D-729F6450E237}
	EndGlobalSection
EndGlobal
